// !$*UTF8*$!
{
	archiveVersion = 1;
	classes = {
	};
	objectVersion = 50;
	objects = {

/* Begin PBXBuildFile section */
		9B303E79207D9EC00076DE2A /* AppDelegate.m in Sources */ = {isa = PBXBuildFile; fileRef = 9B303E78207D9EC00076DE2A /* AppDelegate.m */; };
		9B303E7C207D9EC00076DE2A /* ViewController.m in Sources */ = {isa = PBXBuildFile; fileRef = 9B303E7B207D9EC00076DE2A /* ViewController.m */; };
		9B303E7F207D9EC00076DE2A /* Main.storyboard in Resources */ = {isa = PBXBuildFile; fileRef = 9B303E7D207D9EC00076DE2A /* Main.storyboard */; };
		9B303E81207D9EC30076DE2A /* Assets.xcassets in Resources */ = {isa = PBXBuildFile; fileRef = 9B303E80207D9EC30076DE2A /* Assets.xcassets */; };
		9B303E84207D9EC30076DE2A /* LaunchScreen.storyboard in Resources */ = {isa = PBXBuildFile; fileRef = 9B303E82207D9EC30076DE2A /* LaunchScreen.storyboard */; };
		9B303E87207D9EC30076DE2A /* main.m in Sources */ = {isa = PBXBuildFile; fileRef = 9B303E86207D9EC30076DE2A /* main.m */; };
		9B303E8F207D9EE60076DE2A /* LeftViewController.m in Sources */ = {isa = PBXBuildFile; fileRef = 9B303E8E207D9EE60076DE2A /* LeftViewController.m */; };
		9B303E92207DA29D0076DE2A /* SecondViewController.m in Sources */ = {isa = PBXBuildFile; fileRef = 9B303E91207DA29D0076DE2A /* SecondViewController.m */; };
/* End PBXBuildFile section */

/* Begin PBXFileReference section */
		9B303E74207D9EC00076DE2A /* ChildViewControllerTest.app */ = {isa = PBXFileReference; explicitFileType = wrapper.application; includeInIndex = 0; path = ChildViewControllerTest.app; sourceTree = BUILT_PRODUCTS_DIR; };
		9B303E77207D9EC00076DE2A /* AppDelegate.h */ = {isa = PBXFileReference; lastKnownFileType = sourcecode.c.h; path = AppDelegate.h; sourceTree = "<group>"; };
		9B303E78207D9EC00076DE2A /* AppDelegate.m */ = {isa = PBXFileReference; lastKnownFileType = sourcecode.c.objc; path = AppDelegate.m; sourceTree = "<group>"; };
		9B303E7A207D9EC00076DE2A /* ViewController.h */ = {isa = PBXFileReference; lastKnownFileType = sourcecode.c.h; path = ViewController.h; sourceTree = "<group>"; };
		9B303E7B207D9EC00076DE2A /* ViewController.m */ = {isa = PBXFileReference; lastKnownFileType = sourcecode.c.objc; path = ViewController.m; sourceTree = "<group>"; };
		9B303E7E207D9EC00076DE2A /* Base */ = {isa = PBXFileReference; lastKnownFileType = file.storyboard; name = Base; path = Base.lproj/Main.storyboard; sourceTree = "<group>"; };
		9B303E80207D9EC30076DE2A /* Assets.xcassets */ = {isa = PBXFileReference; lastKnownFileType = folder.assetcatalog; path = Assets.xcassets; sourceTree = "<group>"; };
		9B303E83207D9EC30076DE2A /* Base */ = {isa = PBXFileReference; lastKnownFileType = file.storyboard; name = Base; path = Base.lproj/LaunchScreen.storyboard; sourceTree = "<group>"; };
		9B303E85207D9EC30076DE2A /* Info.plist */ = {isa = PBXFileReference; lastKnownFileType = text.plist.xml; path = Info.plist; sourceTree = "<group>"; };
		9B303E86207D9EC30076DE2A /* main.m */ = {isa = PBXFileReference; lastKnownFileType = sourcecode.c.objc; path = main.m; sourceTree = "<group>"; };
		9B303E8D207D9EE60076DE2A /* LeftViewController.h */ = {isa = PBXFileReference; lastKnownFileType = sourcecode.c.h; path = LeftViewController.h; sourceTree = "<group>"; };
		9B303E8E207D9EE60076DE2A /* LeftViewController.m */ = {isa = PBXFileReference; lastKnownFileType = sourcecode.c.objc; path = LeftViewController.m; sourceTree = "<group>"; };
		9B303E90207DA29D0076DE2A /* SecondViewController.h */ = {isa = PBXFileReference; lastKnownFileType = sourcecode.c.h; path = SecondViewController.h; sourceTree = "<group>"; };
		9B303E91207DA29D0076DE2A /* SecondViewController.m */ = {isa = PBXFileReference; lastKnownFileType = sourcecode.c.objc; path = SecondViewController.m; sourceTree = "<group>"; };
/* End PBXFileReference section */

/* Begin PBXFrameworksBuildPhase section */
		9B303E71207D9EC00076DE2A /* Frameworks */ = {
			isa = PBXFrameworksBuildPhase;
			buildActionMask = 2147483647;
			files = (
			);
			runOnlyForDeploymentPostprocessing = 0;
		};
/* End PBXFrameworksBuildPhase section */

/* Begin PBXGroup section */
		9B303E6B207D9EC00076DE2A = {
			isa = PBXGroup;
			children = (
				9B303E76207D9EC00076DE2A /* ChildViewControllerTest */,
				9B303E75207D9EC00076DE2A /* Products */,
			);
			sourceTree = "<group>";
		};
		9B303E75207D9EC00076DE2A /* Products */ = {
			isa = PBXGroup;
			children = (
				9B303E74207D9EC00076DE2A /* ChildViewControllerTest.app */,
			);
			name = Products;
			sourceTree = "<group>";
		};
		9B303E76207D9EC00076DE2A /* ChildViewControllerTest */ = {
			isa = PBXGroup;
			children = (
				9B303E77207D9EC00076DE2A /* AppDelegate.h */,
				9B303E78207D9EC00076DE2A /* AppDelegate.m */,
				9B303E7A207D9EC00076DE2A /* ViewController.h */,
				9B303E7B207D9EC00076DE2A /* ViewController.m */,
				9B303E8D207D9EE60076DE2A /* LeftViewController.h */,
				9B303E8E207D9EE60076DE2A /* LeftViewController.m */,
				9B303E90207DA29D0076DE2A /* SecondViewController.h */,
				9B303E91207DA29D0076DE2A /* SecondViewController.m */,
				9B303E7D207D9EC00076DE2A /* Main.storyboard */,
				9B303E80207D9EC30076DE2A /* Assets.xcassets */,
				9B303E82207D9EC30076DE2A /* LaunchScreen.storyboard */,
				9B303E85207D9EC30076DE2A /* Info.plist */,
				9B303E86207D9EC30076DE2A /* main.m */,
			);
			path = ChildViewControllerTest;
			sourceTree = "<group>";
		};
/* End PBXGroup section */

/* Begin PBXNativeTarget section */
		9B303E73207D9EC00076DE2A /* ChildViewControllerTest */ = {
			isa = PBXNativeTarget;
			buildConfigurationList = 9B303E8A207D9EC30076DE2A /* Build configuration list for PBXNativeTarget "ChildViewControllerTest" */;
			buildPhases = (
				9B303E70207D9EC00076DE2A /* Sources */,
				9B303E71207D9EC00076DE2A /* Frameworks */,
				9B303E72207D9EC00076DE2A /* Resources */,
			);
			buildRules = (
			);
			dependencies = (
			);
			name = ChildViewControllerTest;
			productName = ChildViewControllerTest;
			productReference = 9B303E74207D9EC00076DE2A /* ChildViewControllerTest.app */;
			productType = "com.apple.product-type.application";
		};
/* End PBXNativeTarget section */

/* Begin PBXProject section */
		9B303E6C207D9EC00076DE2A /* Project object */ = {
			isa = PBXProject;
			attributes = {
				LastUpgradeCheck = 0930;
				ORGANIZATIONNAME = wanglei;
				TargetAttributes = {
					9B303E73207D9EC00076DE2A = {
						CreatedOnToolsVersion = 9.3;
					};
				};
			};
			buildConfigurationList = 9B303E6F207D9EC00076DE2A /* Build configuration list for PBXProject "ChildViewControllerTest" */;
			compatibilityVersion = "Xcode 9.3";
			developmentRegion = en;
			hasScannedForEncodings = 0;
			knownRegions = (
				en,
				Base,
			);
			mainGroup = 9B303E6B207D9EC00076DE2A;
			productRefGroup = 9B303E75207D9EC00076DE2A /* Products */;
			projectDirPath = "";
			projectRoot = "";
			targets = (
				9B303E73207D9EC00076DE2A /* ChildViewControllerTest */,
			);
		};
/* End PBXProject section */

/* Begin PBXResourcesBuildPhase section */
		9B303E72207D9EC00076DE2A /* Resources */ = {
			isa = PBXResourcesBuildPhase;
			buildActionMask = 2147483647;
			files = (
				9B303E84207D9EC30076DE2A /* LaunchScreen.storyboard in Resources */,
				9B303E81207D9EC30076DE2A /* Assets.xcassets in Resources */,
				9B303E7F207D9EC00076DE2A /* Main.storyboard in Resources */,
			);
			runOnlyForDeploymentPostprocessing = 0;
		};
/* End PBXResourcesBuildPhase section */

/* Begin PBXSourcesBuildPhase section */
		9B303E70207D9EC00076DE2A /* Sources */ = {
			isa = PBXSourcesBuildPhase;
			buildActionMask = 2147483647;
			files = (
				9B303E92207DA29D0076DE2A /* SecondViewController.m in Sources */,
				9B303E7C207D9EC00076DE2A /* ViewController.m in Sources */,
				9B303E8F207D9EE60076DE2A /* LeftViewController.m in Sources */,
				9B303E87207D9EC30076DE2A /* main.m in Sources */,
				9B303E79207D9EC00076DE2A /* AppDelegate.m in Sources */,
			);
			runOnlyForDeploymentPostprocessing = 0;
		};
/* End PBXSourcesBuildPhase section */

/* Begin PBXVariantGroup section */
		9B303E7D207D9EC00076DE2A /* Main.storyboard */ = {
			isa = PBXVariantGroup;
			children = (
				9B303E7E207D9EC00076DE2A /* Base */,
			);
			name = Main.storyboard;
			sourceTree = "<group>";
		};
		9B303E82207D9EC30076DE2A /* LaunchScreen.storyboard */ = {
			isa = PBXVariantGroup;
			children = (
				9B303E83207D9EC30076DE2A /* Base */,
			);
			name = LaunchScreen.storyboard;
			sourceTree = "<group>";
		};
/* End PBXVariantGroup section */

/* Begin XCBuildConfiguration section */
		9B303E88207D9EC30076DE2A /* Debug */ = {
			isa = XCBuildConfiguration;
			buildSettings = {
				ALWAYS_SEARCH_USER_PATHS = NO;
				CLANG_ANALYZER_NONNULL = YES;
				CLANG_ANALYZER_NUMBER_OBJECT_CONVERSION = YES_AGGRESSIVE;
				CLANG_CXX_LANGUAGE_STANDARD = "gnu++14";
				CLANG_CXX_LIBRARY = "libc++";
				CLANG_ENABLE_MODULES = YES;
				CLANG_ENABLE_OBJC_ARC = YES;
				CLANG_ENABLE_OBJC_WEAK = YES;
				CLANG_WARN_BLOCK_CAPTURE_AUTORELEASING = YES;
				CLANG_WARN_BOOL_CONVERSION = YES;
				CLANG_WARN_COMMA = YES;
				CLANG_WARN_CONSTANT_CONVERSION = YES;
				CLANG_WARN_DEPRECATED_OBJC_IMPLEMENTATIONS = YES;
				CLANG_WARN_DIRECT_OBJC_ISA_USAGE = YES_ERROR;
				CLANG_WARN_DOCUMENTATION_COMMENTS = YES;
				CLANG_WARN_EMPTY_BODY = YES;
				CLANG_WARN_ENUM_CONVERSION = YES;
				CLANG_WARN_INFINITE_RECURSION = YES;
				CLANG_WARN_INT_CONVERSION = YES;
				CLANG_WARN_NON_LITERAL_NULL_CONVERSION = YES;
				CLANG_WARN_OBJC_IMPLICIT_RETAIN_SELF = YES;
				CLANG_WARN_OBJC_LITERAL_CONVERSION = YES;
				CLANG_WARN_OBJC_ROOT_CLASS = YES_ERROR;
				CLANG_WARN_RANGE_LOOP_ANALYSIS = YES;
				CLANG_WARN_STRICT_PROTOTYPES = YES;
				CLANG_WARN_SUSPICIOUS_MOVE = YES;
				CLANG_WARN_UNGUARDED_AVAILABILITY = YES_AGGRESSIVE;
				CLANG_WARN_UNREACHABLE_CODE = YES;
				CLANG_WARN__DUPLICATE_METHOD_MATCH = YES;
				CODE_SIGN_IDENTITY = "iPhone Developer";
				COPY_PHASE_STRIP = NO;
				DEBUG_INFORMATION_FORMAT = dwarf;
				ENABLE_STRICT_OBJC_MSGSEND = YES;
				ENABLE_TESTABILITY = YES;
				GCC_C_LANGUAGE_STANDARD = gnu11;
				GCC_DYNAMIC_NO_PIC = NO;
				GCC_NO_COMMON_BLOCKS = YES;
				GCC_OPTIMIZATION_LEVEL = 0;
				GCC_PREPROCESSOR_DEFINITIONS = (
					"DEBUG=1",
					"$(inherited)",
				);
				GCC_WARN_64_TO_32_BIT_CONVERSION = YES;
				GCC_WARN_ABOUT_RETURN_TYPE = YES_ERROR;
				GCC_WARN_UNDECLARED_SELECTOR = YES;
				GCC_WARN_UNINITIALIZED_AUTOS = YES_AGGRESSIVE;
				GCC_WARN_UNUSED_FUNCTION = YES;
				GCC_WARN_UNUSED_VARIABLE = YES;
				IPHONEOS_DEPLOYMENT_TARGET = 11.3;
				MTL_ENABLE_DEBUG_INFO = YES;
				ONLY_ACTIVE_ARCH = YES;
				SDKROOT = iphoneos;
			};
			name = Debug;
		};
		9B303E89207D9EC30076DE2A /* Release */ = {
			isa = XCBuildConfiguration;
			buildSettings = {
				ALWAYS_SEARCH_USER_PATHS = NO;
				CLANG_ANALYZER_NONNULL = YES;
				CLANG_ANALYZER_NUMBER_OBJECT_CONVERSION = YES_AGGRESSIVE;
				CLANG_CXX_LANGUAGE_STANDARD = "gnu++14";
				CLANG_CXX_LIBRARY = "libc++";
				CLANG_ENABLE_MODULES = YES;
				CLANG_ENABLE_OBJC_ARC = YES;
				CLANG_ENABLE_OBJC_WEAK = YES;
				CLANG_WARN_BLOCK_CAPTURE_AUTORELEASING = YES;
				CLANG_WARN_BOOL_CONVERSION = YES;
				CLANG_WARN_COMMA = YES;
				CLANG_WARN_CONSTANT_CONVERSION = YES;
				CLANG_WARN_DEPRECATED_OBJC_IMPLEMENTATIONS = YES;
				CLANG_WARN_DIRECT_OBJC_ISA_USAGE = YES_ERROR;
				CLANG_WARN_DOCUMENTATION_COMMENTS = YES;
				CLANG_WARN_EMPTY_BODY = YES;
				CLANG_WARN_ENUM_CONVERSION = YES;
				CLANG_WARN_INFINITE_RECURSION = YES;
				CLANG_WARN_INT_CONVERSION = YES;
				CLANG_WARN_NON_LITERAL_NULL_CONVERSION = YES;
				CLANG_WARN_OBJC_IMPLICIT_RETAIN_SELF = YES;
				CLANG_WARN_OBJC_LITERAL_CONVERSION = YES;
				CLANG_WARN_OBJC_ROOT_CLASS = YES_ERROR;
				CLANG_WARN_RANGE_LOOP_ANALYSIS = YES;
				CLANG_WARN_STRICT_PROTOTYPES = YES;
				CLANG_WARN_SUSPICIOUS_MOVE = YES;
				CLANG_WARN_UNGUARDED_AVAILABILITY = YES_AGGRESSIVE;
				CLANG_WARN_UNREACHABLE_CODE = YES;
				CLANG_WARN__DUPLICATE_METHOD_MATCH = YES;
				CODE_SIGN_IDENTITY = "iPhone Developer";
				COPY_PHASE_STRIP = NO;
				DEBUG_INFORMATION_FORMAT = "dwarf-with-dsym";
				ENABLE_NS_ASSERTIONS = NO;
				ENABLE_STRICT_OBJC_MSGSEND = YES;
				GCC_C_LANGUAGE_STANDARD = gnu11;
				GCC_NO_COMMON_BLOCKS = YES;
				GCC_WARN_64_TO_32_BIT_CONVERSION = YES;
				GCC_WARN_ABOUT_RETURN_TYPE = YES_ERROR;
				GCC_WARN_UNDECLARED_SELECTOR = YES;
				GCC_WARN_UNINITIALIZED_AUTOS = YES_AGGRESSIVE;
				GCC_WARN_UNUSED_FUNCTION = YES;
				GCC_WARN_UNUSED_VARIABLE = YES;
				IPHONEOS_DEPLOYMENT_TARGET = 11.3;
				MTL_ENABLE_DEBUG_INFO = NO;
				SDKROOT = iphoneos;
				VALIDATE_PRODUCT = YES;
			};
			name = Release;
		};
		9B303E8B207D9EC30076DE2A /* Debug */ = {
			isa = XCBuildConfiguration;
			buildSettings = {
				ASSETCATALOG_COMPILER_APPICON_NAME = AppIcon;
				CODE_SIGN_STYLE = Automatic;
				INFOPLIST_FILE = ChildViewControllerTest/Info.plist;
				LD_RUNPATH_SEARCH_PATHS = (
					"$(inherited)",
					"@executable_path/Frameworks",
				);
				PRODUCT_BUNDLE_IDENTIFIER = "com.yipinapp.-.ChildViewControllerTest";
				PRODUCT_NAME = "$(TARGET_NAME)";
				TARGETED_DEVICE_FAMILY = "1,2";
			};
			name = Debug;
		};
		9B303E8C207D9EC30076DE2A /* Release */ = {
			isa = XCBuildConfiguration;
			buildSettings = {
				ASSETCATALOG_COMPILER_APPICON_NAME = AppIcon;
				CODE_SIGN_STYLE = Automatic;
				INFOPLIST_FILE = ChildViewControllerTest/Info.plist;
				LD_RUNPATH_SEARCH_PATHS = (
					"$(inherited)",
					"@executable_path/Frameworks",
				);
				PRODUCT_BUNDLE_IDENTIFIER = "com.yipinapp.-.ChildViewControllerTest";
				PRODUCT_NAME = "$(TARGET_NAME)";
				TARGETED_DEVICE_FAMILY = "1,2";
			};
			name = Release;
		};
/* End XCBuildConfiguration section */

/* Begin XCConfigurationList section */
		9B303E6F207D9EC00076DE2A /* Build configuration list for PBXProject "ChildViewControllerTest" */ = {
			isa = XCConfigurationList;
			buildConfigurations = (
				9B303E88207D9EC30076DE2A /* Debug */,
				9B303E89207D9EC30076DE2A /* Release */,
			);
			defaultConfigurationIsVisible = 0;
			defaultConfigurationName = Release;
		};
		9B303E8A207D9EC30076DE2A /* Build configuration list for PBXNativeTarget "ChildViewControllerTest" */ = {
			isa = XCConfigurationList;
			buildConfigurations = (
				9B303E8B207D9EC30076DE2A /* Debug */,
				9B303E8C207D9EC30076DE2A /* Release */,
			);
			defaultConfigurationIsVisible = 0;
			defaultConfigurationName = Release;
		};
/* End XCConfigurationList section */
	};
	rootObject = 9B303E6C207D9EC00076DE2A /* Project object */;
}
